
Microsoft Visual Studio Solution File, Format Version 12.00
# Visual Studio Version 16
VisualStudioVersion = 16.0.30907.101
MinimumVisualStudioVersion = 10.0.40219.1
Project("{2150E333-8FDC-42A3-9474-1A3956D46DE8}") = "Microservices", "Microservices", "{64240826-1953-4E99-81D6-7533F4D4BAB7}"
EndProject
Project("{2150E333-8FDC-42A3-9474-1A3956D46DE8}") = "Domain", "Domain", "{6624F676-4CEE-4A73-B42E-A1F82AF9AD87}"
EndProject
Project("{2150E333-8FDC-42A3-9474-1A3956D46DE8}") = "Infra.IoC", "Infra.IoC", "{EA40EBB1-4829-44E4-8DF5-B5CB6AA04EAF}"
EndProject
Project("{2150E333-8FDC-42A3-9474-1A3956D46DE8}") = "Presentation", "Presentation", "{730569E1-377F-4BBB-A6FE-24B3BBC0F281}"
EndProject
Project("{9A19103F-16F7-4668-BE54-9A1E7A4F7556}") = "MicroRabbit.Domain.Core", "MicroRabbit.Domain.Core\MicroRabbit.Domain.Core.csproj", "{50E16597-D003-41EC-BBB5-68C4A22E6D51}"
EndProject
Project("{2150E333-8FDC-42A3-9474-1A3956D46DE8}") = "Infra.Bus", "Infra.Bus", "{07775EE8-95EE-492D-A6E7-43C550517DC1}"
EndProject
Project("{FAE04EC0-301F-11D3-BF4B-00C04F79EFBC}") = "MicroRabbit.Infra.Buss", "MicroRabbit.Infra.Buss\MicroRabbit.Infra.Buss.csproj", "{573609AB-504A-4C28-B8CC-016BEFF771CE}"
EndProject
Project("{FAE04EC0-301F-11D3-BF4B-00C04F79EFBC}") = "MicroRabbit.Infra.IoC", "MicroRabbit.Infra.IoC\MicroRabbit.Infra.IoC.csproj", "{4A6B3EFE-1DD6-4C7C-B853-DE24FBF2F2D4}"
EndProject
Project("{2150E333-8FDC-42A3-9474-1A3956D46DE8}") = "Banking", "Banking", "{9E21D5C0-35DF-4243-B96C-930AD7A56E69}"
EndProject
Project("{2150E333-8FDC-42A3-9474-1A3956D46DE8}") = "Api", "Api", "{64546965-F9AC-4209-99C1-3819D1B3C1C5}"
EndProject
Project("{2150E333-8FDC-42A3-9474-1A3956D46DE8}") = "Domain", "Domain", "{BD758E89-EEBC-4FA5-8BF8-C2D912CCE2F1}"
EndProject
Project("{2150E333-8FDC-42A3-9474-1A3956D46DE8}") = "Application", "Application", "{A9F206BA-E3DD-43BC-A068-8F558E91200A}"
EndProject
Project("{2150E333-8FDC-42A3-9474-1A3956D46DE8}") = "Data", "Data", "{3842ABC7-6C1B-485B-A8AA-677FE0FB82B9}"
EndProject
Project("{FAE04EC0-301F-11D3-BF4B-00C04F79EFBC}") = "MicroRabbit.Banking.Api", "MicroRabbit.Banking.Api\MicroRabbit.Banking.Api.csproj", "{3294A733-E381-4C8C-A886-4FE2E274878B}"
EndProject
Project("{FAE04EC0-301F-11D3-BF4B-00C04F79EFBC}") = "MicroRabbit.Banking.Application", "MicroRabbit.Banking.Application\MicroRabbit.Banking.Application.csproj", "{C4611F8A-3165-4131-B1D4-F6E1E871CFD2}"
EndProject
Project("{FAE04EC0-301F-11D3-BF4B-00C04F79EFBC}") = "MicroRabbit.Banking.Data", "MicroRabbit.Banking.Data\MicroRabbit.Banking.Data.csproj", "{A71059D4-936B-451A-8848-8FB28E8B366B}"
EndProject
Project("{FAE04EC0-301F-11D3-BF4B-00C04F79EFBC}") = "MicroRabbit.Banking.Domain", "MicroRabbit.Banking.Domain\MicroRabbit.Banking.Domain.csproj", "{98B78DFB-246F-4100-93B2-512269FA12D4}"
EndProject
Global
	GlobalSection(SolutionConfigurationPlatforms) = preSolution
		Debug|Any CPU = Debug|Any CPU
		Release|Any CPU = Release|Any CPU
	EndGlobalSection
	GlobalSection(ProjectConfigurationPlatforms) = postSolution
		{50E16597-D003-41EC-BBB5-68C4A22E6D51}.Debug|Any CPU.ActiveCfg = Debug|Any CPU
		{50E16597-D003-41EC-BBB5-68C4A22E6D51}.Debug|Any CPU.Build.0 = Debug|Any CPU
		{50E16597-D003-41EC-BBB5-68C4A22E6D51}.Release|Any CPU.ActiveCfg = Release|Any CPU
		{50E16597-D003-41EC-BBB5-68C4A22E6D51}.Release|Any CPU.Build.0 = Release|Any CPU
		{573609AB-504A-4C28-B8CC-016BEFF771CE}.Debug|Any CPU.ActiveCfg = Debug|Any CPU
		{573609AB-504A-4C28-B8CC-016BEFF771CE}.Debug|Any CPU.Build.0 = Debug|Any CPU
		{573609AB-504A-4C28-B8CC-016BEFF771CE}.Release|Any CPU.ActiveCfg = Release|Any CPU
		{573609AB-504A-4C28-B8CC-016BEFF771CE}.Release|Any CPU.Build.0 = Release|Any CPU
		{4A6B3EFE-1DD6-4C7C-B853-DE24FBF2F2D4}.Debug|Any CPU.ActiveCfg = Debug|Any CPU
		{4A6B3EFE-1DD6-4C7C-B853-DE24FBF2F2D4}.Debug|Any CPU.Build.0 = Debug|Any CPU
		{4A6B3EFE-1DD6-4C7C-B853-DE24FBF2F2D4}.Release|Any CPU.ActiveCfg = Release|Any CPU
		{4A6B3EFE-1DD6-4C7C-B853-DE24FBF2F2D4}.Release|Any CPU.Build.0 = Release|Any CPU
		{3294A733-E381-4C8C-A886-4FE2E274878B}.Debug|Any CPU.ActiveCfg = Debug|Any CPU
		{3294A733-E381-4C8C-A886-4FE2E274878B}.Debug|Any CPU.Build.0 = Debug|Any CPU
		{3294A733-E381-4C8C-A886-4FE2E274878B}.Release|Any CPU.ActiveCfg = Release|Any CPU
		{3294A733-E381-4C8C-A886-4FE2E274878B}.Release|Any CPU.Build.0 = Release|Any CPU
		{C4611F8A-3165-4131-B1D4-F6E1E871CFD2}.Debug|Any CPU.ActiveCfg = Debug|Any CPU
		{C4611F8A-3165-4131-B1D4-F6E1E871CFD2}.Debug|Any CPU.Build.0 = Debug|Any CPU
		{C4611F8A-3165-4131-B1D4-F6E1E871CFD2}.Release|Any CPU.ActiveCfg = Release|Any CPU
		{C4611F8A-3165-4131-B1D4-F6E1E871CFD2}.Release|Any CPU.Build.0 = Release|Any CPU
		{A71059D4-936B-451A-8848-8FB28E8B366B}.Debug|Any CPU.ActiveCfg = Debug|Any CPU
		{A71059D4-936B-451A-8848-8FB28E8B366B}.Debug|Any CPU.Build.0 = Debug|Any CPU
		{A71059D4-936B-451A-8848-8FB28E8B366B}.Release|Any CPU.ActiveCfg = Release|Any CPU
		{A71059D4-936B-451A-8848-8FB28E8B366B}.Release|Any CPU.Build.0 = Release|Any CPU
		{98B78DFB-246F-4100-93B2-512269FA12D4}.Debug|Any CPU.ActiveCfg = Debug|Any CPU
		{98B78DFB-246F-4100-93B2-512269FA12D4}.Debug|Any CPU.Build.0 = Debug|Any CPU
		{98B78DFB-246F-4100-93B2-512269FA12D4}.Release|Any CPU.ActiveCfg = Release|Any CPU
		{98B78DFB-246F-4100-93B2-512269FA12D4}.Release|Any CPU.Build.0 = Release|Any CPU
	EndGlobalSection
	GlobalSection(SolutionProperties) = preSolution
		HideSolutionNode = FALSE
	EndGlobalSection
	GlobalSection(NestedProjects) = preSolution
		{50E16597-D003-41EC-BBB5-68C4A22E6D51} = {6624F676-4CEE-4A73-B42E-A1F82AF9AD87}
		{573609AB-504A-4C28-B8CC-016BEFF771CE} = {07775EE8-95EE-492D-A6E7-43C550517DC1}
		{4A6B3EFE-1DD6-4C7C-B853-DE24FBF2F2D4} = {EA40EBB1-4829-44E4-8DF5-B5CB6AA04EAF}
		{9E21D5C0-35DF-4243-B96C-930AD7A56E69} = {64240826-1953-4E99-81D6-7533F4D4BAB7}
		{64546965-F9AC-4209-99C1-3819D1B3C1C5} = {9E21D5C0-35DF-4243-B96C-930AD7A56E69}
		{BD758E89-EEBC-4FA5-8BF8-C2D912CCE2F1} = {9E21D5C0-35DF-4243-B96C-930AD7A56E69}
		{A9F206BA-E3DD-43BC-A068-8F558E91200A} = {9E21D5C0-35DF-4243-B96C-930AD7A56E69}
		{3842ABC7-6C1B-485B-A8AA-677FE0FB82B9} = {9E21D5C0-35DF-4243-B96C-930AD7A56E69}
		{3294A733-E381-4C8C-A886-4FE2E274878B} = {64546965-F9AC-4209-99C1-3819D1B3C1C5}
		{C4611F8A-3165-4131-B1D4-F6E1E871CFD2} = {A9F206BA-E3DD-43BC-A068-8F558E91200A}
		{A71059D4-936B-451A-8848-8FB28E8B366B} = {3842ABC7-6C1B-485B-A8AA-677FE0FB82B9}
		{98B78DFB-246F-4100-93B2-512269FA12D4} = {BD758E89-EEBC-4FA5-8BF8-C2D912CCE2F1}
	EndGlobalSection
	GlobalSection(ExtensibilityGlobals) = postSolution
		SolutionGuid = {7F2B8885-1922-4D48-BF72-0004066E6ED1}
	EndGlobalSection
EndGlobal
